<?xml version="1.0" encoding="Windows-1252"?>
<Project ToolsVersion="14.0" xmlns="http://schemas.microsoft.com/developer/msbuild/2003">
  <ItemGroup>
    <ClCompile Include="..\..\Source\Application.cpp" />
    <ClCompile Include="..\..\Source\Handler.cpp" />
    <ClCompile Include="..\..\Source\CEFFramework.cpp" />
    <ClCompile Include="..\..\Source\Variants.cpp" />
    <ClCompile Include="..\..\Source\WebView.cpp" />
  </ItemGroup>
  <ItemGroup>
    <ClInclude Include="..\..\Source\Application.hpp" />
    <ClInclude Include="..\..\Source\Assert.hpp" />
    <ClInclude Include="..\..\Source\Handler.hpp" />
    <ClInclude Include="..\..\Source\DLLAPI.hpp" />
    <ClInclude Include="..\..\Source\Variants.hpp" />
    <ClInclude Include="..\..\Source\WebView.hpp" />
  </ItemGroup>
</Project>